
Microsoft Visual Studio Solution File, Format Version 12.00
# Visual Studio Version 16
VisualStudioVersion = 16.0.31005.135
MinimumVisualStudioVersion = 10.0.40219.1
Project("{FAE04EC0-301F-11D3-BF4B-00C04F79EFBC}") = "WebServiceEX2", "WebServiceEX2\WebServiceEX2.csproj", "{2664A156-D1FB-4E73-A90A-AC37728A1D88}"
EndProject
Global
	GlobalSection(SolutionConfigurationPlatforms) = preSolution
		Debug|Any CPU = Debug|Any CPU
		Release|Any CPU = Release|Any CPU
	EndGlobalSection
	GlobalSection(ProjectConfigurationPlatforms) = postSolution
		{2664A156-D1FB-4E73-A90A-AC37728A1D88}.Debug|Any CPU.ActiveCfg = Debug|Any CPU
		{2664A156-D1FB-4E73-A90A-AC37728A1D88}.Debug|Any CPU.Build.0 = Debug|Any CPU
		{2664A156-D1FB-4E73-A90A-AC37728A1D88}.Release|Any CPU.ActiveCfg = Release|Any CPU
		{2664A156-D1FB-4E73-A90A-AC37728A1D88}.Release|Any CPU.Build.0 = Release|Any CPU
	EndGlobalSection
	GlobalSection(SolutionProperties) = preSolution
		HideSolutionNode = FALSE
	EndGlobalSection
	GlobalSection(ExtensibilityGlobals) = postSolution
		SolutionGuid = {7BE1A3E2-52D1-4142-9E1B-33234ED5ECE9}
	EndGlobalSection
EndGlobal
